
Microsoft Visual Studio Solution File, Format Version 12.00
# Visual Studio 15
VisualStudioVersion = 15.0.28307.329
MinimumVisualStudioVersion = 10.0.40219.1
Project("{FAE04EC0-301F-11D3-BF4B-00C04F79EFBC}") = "ODZ_TSPP", "ODZ_TSPP\ODZ_TSPP.csproj", "{A1CBB41A-1672-4F57-B636-C7DEBB039B3B}"
EndProject
Global
	GlobalSection(SolutionConfigurationPlatforms) = preSolution
		Debug|Any CPU = Debug|Any CPU
		Release|Any CPU = Release|Any CPU
	EndGlobalSection
	GlobalSection(ProjectConfigurationPlatforms) = postSolution
		{A1CBB41A-1672-4F57-B636-C7DEBB039B3B}.Debug|Any CPU.ActiveCfg = Debug|Any CPU
		{A1CBB41A-1672-4F57-B636-C7DEBB039B3B}.Debug|Any CPU.Build.0 = Debug|Any CPU
		{A1CBB41A-1672-4F57-B636-C7DEBB039B3B}.Release|Any CPU.ActiveCfg = Release|Any CPU
		{A1CBB41A-1672-4F57-B636-C7DEBB039B3B}.Release|Any CPU.Build.0 = Release|Any CPU
	EndGlobalSection
	GlobalSection(SolutionProperties) = preSolution
		HideSolutionNode = FALSE
	EndGlobalSection
	GlobalSection(ExtensibilityGlobals) = postSolution
		SolutionGuid = {EB0A0AC8-5954-45F6-97F1-25E0764020F1}
	EndGlobalSection
EndGlobal
